{
  "lockfile_version": "1",
  "packages": {
    "curl@latest": {
      "last_modified": "2025-06-18T03:01:18Z",
      "resolved": "github:NixOS/nixpkgs/5395fb3ab3f97b9b7abca147249fa2e8ed27b192#curl",
      "source": "devbox-search",
      "version": "8.13.0",
      "systems": {
        "aarch64-darwin": {
          "outputs": [
            {
              "name": "bin",
              "path": "/nix/store/j9l00pb7vjqichx1pb9wh44mmpmsy5i8-curl-8.13.0-bin",
              "default": true
            },
            {
              "name": "man",
              "path": "/nix/store/vjypp34nlg9v1q278yswlg8v85mr6cd1-curl-8.13.0-man",
              "default": true
            },
            {
              "name": "devdoc",
              "path": "/nix/store/5mvbv3mqr8bi1rn3fjninmrgdrkm4hjy-curl-8.13.0-devdoc"
            },
            {
              "name": "out",
              "path": "/nix/store/dw53si81ax5jkn23vpncsiizxzx8bz9b-curl-8.13.0"
            },
            {
              "name": "dev",
              "path": "/nix/store/hh6z6aagackr90b8148gmnzjch5x56h7-curl-8.13.0-dev"
            }
          ],
          "store_path": "/nix/store/j9l00pb7vjqichx1pb9wh44mmpmsy5i8-curl-8.13.0-bin"
        },
        "aarch64-linux": {
          "outputs": [
            {
              "name": "bin",
              "path": "/nix/store/q8i9ywjn4pkjk5sfx26jg35870dfnp3i-curl-8.13.0-bin",
              "default": true
            },
            {
              "name": "man",
              "path": "/nix/store/83g8mdy735nf01d77nc2pxgzwz977dpf-curl-8.13.0-man",
              "default": true
            },
            {
              "name": "devdoc",
              "path": "/nix/store/bcn8dajl5d8fc589z8n5a8h7x7bzxgrp-curl-8.13.0-devdoc"
            },
            {
              "name": "out",
              "path": "/nix/store/dxgrykw0d6rzxkilf8pl4rp308311xjs-curl-8.13.0"
            },
            {
              "name": "debug",
              "path": "/nix/store/8s9qjwxfb6d70b81q0rjalyfhlr0npzv-curl-8.13.0-debug"
            },
            {
              "name": "dev",
              "path": "/nix/store/n5zr628wakfhlz9nav97vcf32iixz7dc-curl-8.13.0-dev"
            }
          ],
          "store_path": "/nix/store/q8i9ywjn4pkjk5sfx26jg35870dfnp3i-curl-8.13.0-bin"
        },
        "x86_64-darwin": {
          "outputs": [
            {
              "name": "bin",
              "path": "/nix/store/q5w08sli5mf1awlxsiicywvz2j6j2y8l-curl-8.13.0-bin",
              "default": true
            },
            {
              "name": "man",
              "path": "/nix/store/mngfjkv5qsz7s1hwkcda7yhsbwgf125x-curl-8.13.0-man",
              "default": true
            },
            {
              "name": "out",
              "path": "/nix/store/xl9ibq6wmh3xx5z55svf2hzpzlj766x1-curl-8.13.0"
            },
            {
              "name": "dev",
              "path": "/nix/store/nkqcwv2k6s47bbdms95fpmghlr3qmxbf-curl-8.13.0-dev"
            },
            {
              "name": "devdoc",
              "path": "/nix/store/zi91mkzh78gzc5fs98i7xni6dmcvn036-curl-8.13.0-devdoc"
            }
          ],
          "store_path": "/nix/store/q5w08sli5mf1awlxsiicywvz2j6j2y8l-curl-8.13.0-bin"
        },
        "x86_64-linux": {
          "outputs": [
            {
              "name": "bin",
              "path": "/nix/store/s2np0ri22gq9pq0fnv3yqjsbsbmw16xi-curl-8.13.0-bin",
              "default": true
            },
            {
              "name": "man",
              "path": "/nix/store/innps8d9bl9jikd3nsq8bd5irgrlay6f-curl-8.13.0-man",
              "default": true
            },
            {
              "name": "devdoc",
              "path": "/nix/store/q736b72lp0j9qazprci468c5b8fn0xgr-curl-8.13.0-devdoc"
            },
            {
              "name": "out",
              "path": "/nix/store/v578vkzh0qhzczjvrzf64lqb2c74d5pk-curl-8.13.0"
            },
            {
              "name": "debug",
              "path": "/nix/store/k756k2jr9j6rda6dzy6qh5m261q0pv3z-curl-8.13.0-debug"
            },
            {
              "name": "dev",
              "path": "/nix/store/nmxr110602fvajr9ax8d65ac1g40vx1a-curl-8.13.0-dev"
            }
          ],
          "store_path": "/nix/store/s2np0ri22gq9pq0fnv3yqjsbsbmw16xi-curl-8.13.0-bin"
        }
      }
    },
    "github:NixOS/nixpkgs/nixpkgs-unstable": {
      "last_modified": "2025-06-17T18:11:34Z",
      "resolved": "github:NixOS/nixpkgs/f45e75fc63fc8a7ffc3da382b2f6b681c5b71875?lastModified=1750183894&narHash=sha256-ZtOgEt70keBVB4YJc%2Bz7m0h7J1BOlv%2FGjHE1YC6KxeA%3D"
    },
    "go@latest": {
      "last_modified": "2025-05-16T20:19:48Z",
      "resolved": "github:NixOS/nixpkgs/12a55407652e04dcf2309436eb06fef0d3713ef3#go",
      "source": "devbox-search",
      "version": "1.24.3",
      "systems": {
        "aarch64-darwin": {
          "outputs": [
            {
              "name": "out",
              "path": "/nix/store/ps3admpzmc1ryvn9q7sw5xfd94dkrb3f-go-1.24.3",
              "default": true
            }
          ],
          "store_path": "/nix/store/ps3admpzmc1ryvn9q7sw5xfd94dkrb3f-go-1.24.3"
        },
        "aarch64-linux": {
          "outputs": [
            {
              "name": "out",
              "path": "/nix/store/45bnqhyyq40p91k3cjw0farx3hn1swx6-go-1.24.3",
              "default": true
            }
          ],
          "store_path": "/nix/store/45bnqhyyq40p91k3cjw0farx3hn1swx6-go-1.24.3"
        },
        "x86_64-darwin": {
          "outputs": [
            {
              "name": "out",
              "path": "/nix/store/9z2kb6hxij7pqi0fgcn9ijhpb7ajpazs-go-1.24.3",
              "default": true
            }
          ],
          "store_path": "/nix/store/9z2kb6hxij7pqi0fgcn9ijhpb7ajpazs-go-1.24.3"
        },
        "x86_64-linux": {
          "outputs": [
            {
              "name": "out",
              "path": "/nix/store/5xvi25nqmbrg58aixp4zgczilfnp7pwg-go-1.24.3",
              "default": true
            }
          ],
          "store_path": "/nix/store/5xvi25nqmbrg58aixp4zgczilfnp7pwg-go-1.24.3"
        }
      }
    },
    "golangci-lint@latest": {
      "last_modified": "2025-06-20T02:24:11Z",
      "resolved": "github:NixOS/nixpkgs/076e8c6678d8c54204abcb4b1b14c366835a58bb#golangci-lint",
      "source": "devbox-search",
      "version": "2.1.6",
      "systems": {
        "aarch64-darwin": {
          "outputs": [
            {
              "name": "out",
              "path": "/nix/store/5z49nhvzp7i2p66w5kcc6gp88mf6ykm2-golangci-lint-2.1.6",
              "default": true
            }
          ],
          "store_path": "/nix/store/5z49nhvzp7i2p66w5kcc6gp88mf6ykm2-golangci-lint-2.1.6"
        },
        "aarch64-linux": {
          "outputs": [
            {
              "name": "out",
              "path": "/nix/store/xzgnibdhl6n685dhf51bpnvk54scq73b-golangci-lint-2.1.6",
              "default": true
            }
          ],
          "store_path": "/nix/store/xzgnibdhl6n685dhf51bpnvk54scq73b-golangci-lint-2.1.6"
        },
        "x86_64-darwin": {
          "outputs": [
            {
              "name": "out",
              "path": "/nix/store/np9mm9awpdf0sf8yxfa6bx79b4khx9yy-golangci-lint-2.1.6",
              "default": true
            }
          ],
          "store_path": "/nix/store/np9mm9awpdf0sf8yxfa6bx79b4khx9yy-golangci-lint-2.1.6"
        },
        "x86_64-linux": {
          "outputs": [
            {
              "name": "out",
              "path": "/nix/store/drzafhdvgw211wf6rrm0wq7wf0g47m8j-golangci-lint-2.1.6",
              "default": true
            }
          ],
          "store_path": "/nix/store/drzafhdvgw211wf6rrm0wq7wf0g47m8j-golangci-lint-2.1.6"
        }
      }
    },
    "just@latest": {
      "last_modified": "2025-06-05T08:10:37Z",
      "resolved": "github:NixOS/nixpkgs/ec62ae342c340d24289735e31eb9155261cd5fe7#just",
      "source": "devbox-search",
      "version": "1.40.0",
      "systems": {
        "aarch64-darwin": {
          "outputs": [
            {
              "name": "out",
              "path": "/nix/store/w0s0f89zcpwl9ipygxiihba0j6fgwnyq-just-1.40.0",
              "default": true
            },
            {
              "name": "man",
              "path": "/nix/store/2qma0wrxkqxaqv1s8h6f908slqwfbvkj-just-1.40.0-man",
              "default": true
            },
            {
              "name": "doc",
              "path": "/nix/store/kck98fyp78wyq5v5pbdvi2alql3kphbl-just-1.40.0-doc"
            }
          ],
          "store_path": "/nix/store/w0s0f89zcpwl9ipygxiihba0j6fgwnyq-just-1.40.0"
        },
        "aarch64-linux": {
          "outputs": [
            {
              "name": "out",
              "path": "/nix/store/xz278vbk5040d07xsx95b59848m6nd3w-just-1.40.0",
              "default": true
            },
            {
              "name": "man",
              "path": "/nix/store/iyd406bfh3naws155rxzgbyplpk9fzh4-just-1.40.0-man",
              "default": true
            },
            {
              "name": "doc",
              "path": "/nix/store/rdyw3qm6bvr72xn1x8ppv2v446nqnxn0-just-1.40.0-doc"
            }
          ],
          "store_path": "/nix/store/xz278vbk5040d07xsx95b59848m6nd3w-just-1.40.0"
        },
        "x86_64-darwin": {
          "outputs": [
            {
              "name": "out",
              "path": "/nix/store/j23s9ylivcxwwxmwwm3afpxj6338m86r-just-1.40.0",
              "default": true
            },
            {
              "name": "man",
              "path": "/nix/store/qgjwgpk4isravm4w7y24m313878nfjnb-just-1.40.0-man",
              "default": true
            },
            {
              "name": "doc",
              "path": "/nix/store/vrr9idsznzv7m1n54287pl39kh6n6a22-just-1.40.0-doc"
            }
          ],
          "store_path": "/nix/store/j23s9ylivcxwwxmwwm3afpxj6338m86r-just-1.40.0"
        },
        "x86_64-linux": {
          "outputs": [
            {
              "name": "out",
              "path": "/nix/store/gcwzmx1qrjyjpfs4a655wc2wq753w6sm-just-1.40.0",
              "default": true
            },
            {
              "name": "man",
              "path": "/nix/store/rl9q2hs0wyy5z51sg20jwqknimhda81s-just-1.40.0-man",
              "default": true
            },
            {
              "name": "doc",
              "path": "/nix/store/b9mc1x9d3xbgbxjkw5hmlzk6ww17029d-just-1.40.0-doc"
            }
          ],
          "store_path": "/nix/store/gcwzmx1qrjyjpfs4a655wc2wq753w6sm-just-1.40.0"
        }
      }
    }
  }
}
